
Microsoft Visual Studio Solution File, Format Version 9.00
# Visual C# Express 2005
Project("{FAE04EC0-301F-11D3-BF4B-00C04F79EFBC}") = "TowerDefence3D", "TowerDefence3D.csproj", "{040BC5ED-C613-4310-AE90-5B5E1EB70B0C}"
EndProject
Global
	GlobalSection(SolutionConfigurationPlatforms) = preSolution
		Debug|x86 = Debug|x86
		Release|x86 = Release|x86
	EndGlobalSection
	GlobalSection(ProjectConfigurationPlatforms) = postSolution
		{040BC5ED-C613-4310-AE90-5B5E1EB70B0C}.Debug|x86.ActiveCfg = Debug|x86
		{040BC5ED-C613-4310-AE90-5B5E1EB70B0C}.Debug|x86.Build.0 = Debug|x86
		{040BC5ED-C613-4310-AE90-5B5E1EB70B0C}.Release|x86.ActiveCfg = Release|x86
		{040BC5ED-C613-4310-AE90-5B5E1EB70B0C}.Release|x86.Build.0 = Release|x86
		{5D218A10-07F6-4FB1-B20D-4566FEDE09D4}.Debug|x86.ActiveCfg = Debug|x86
		{5D218A10-07F6-4FB1-B20D-4566FEDE09D4}.Release|x86.ActiveCfg = Release|x86
	EndGlobalSection
	GlobalSection(SolutionProperties) = preSolution
		HideSolutionNode = FALSE
	EndGlobalSection
EndGlobal
